
Microsoft Visual Studio Solution File, Format Version 12.00
# Visual Studio Version 17
VisualStudioVersion = 17.0.32112.339
MinimumVisualStudioVersion = 10.0.40219.1
Project("{FAE04EC0-301F-11D3-BF4B-00C04F79EFBC}") = "Laboratorka", "Laboratorka.csproj", "{B16023E4-09EF-4524-AA29-766D7E7DE34C}"
EndProject
Global
	GlobalSection(SolutionConfigurationPlatforms) = preSolution
		Debug|Any CPU = Debug|Any CPU
		Release|Any CPU = Release|Any CPU
	EndGlobalSection
	GlobalSection(ProjectConfigurationPlatforms) = postSolution
		{B16023E4-09EF-4524-AA29-766D7E7DE34C}.Debug|Any CPU.ActiveCfg = Debug|Any CPU
		{B16023E4-09EF-4524-AA29-766D7E7DE34C}.Debug|Any CPU.Build.0 = Debug|Any CPU
		{B16023E4-09EF-4524-AA29-766D7E7DE34C}.Release|Any CPU.ActiveCfg = Release|Any CPU
		{B16023E4-09EF-4524-AA29-766D7E7DE34C}.Release|Any CPU.Build.0 = Release|Any CPU
	EndGlobalSection
	GlobalSection(SolutionProperties) = preSolution
		HideSolutionNode = FALSE
	EndGlobalSection
	GlobalSection(ExtensibilityGlobals) = postSolution
		SolutionGuid = {396BE8B1-7B31-483C-96A4-050FED9E795C}
	EndGlobalSection
EndGlobal
